
Microsoft Visual Studio Solution File, Format Version 12.00
# Visual Studio 15
VisualStudioVersion = 15.0.28010.2026
MinimumVisualStudioVersion = 10.0.40219.1
Project("{FAE04EC0-301F-11D3-BF4B-00C04F79EFBC}") = "WindowsFormsApp1", "WindowsFormsApp1\WindowsFormsApp1.csproj", "{508ED02E-B6E8-41AA-B733-F2E9D9EF2088}"
EndProject
Global
	GlobalSection(SolutionConfigurationPlatforms) = preSolution
		Debug|Any CPU = Debug|Any CPU
		Release|Any CPU = Release|Any CPU
	EndGlobalSection
	GlobalSection(ProjectConfigurationPlatforms) = postSolution
		{508ED02E-B6E8-41AA-B733-F2E9D9EF2088}.Debug|Any CPU.ActiveCfg = Debug|Any CPU
		{508ED02E-B6E8-41AA-B733-F2E9D9EF2088}.Debug|Any CPU.Build.0 = Debug|Any CPU
		{508ED02E-B6E8-41AA-B733-F2E9D9EF2088}.Release|Any CPU.ActiveCfg = Release|Any CPU
		{508ED02E-B6E8-41AA-B733-F2E9D9EF2088}.Release|Any CPU.Build.0 = Release|Any CPU
	EndGlobalSection
	GlobalSection(SolutionProperties) = preSolution
		HideSolutionNode = FALSE
	EndGlobalSection
	GlobalSection(ExtensibilityGlobals) = postSolution
		SolutionGuid = {FF5EAAAD-2E39-41B2-81AD-DD566715F85B}
	EndGlobalSection
EndGlobal
